
Microsoft Visual Studio Solution File, Format Version 12.00
# Visual Studio Version 17
VisualStudioVersion = 17.13.35919.96 d17.13
MinimumVisualStudioVersion = 10.0.40219.1
Project("{2150E333-8FDC-42A3-9474-1A3956D46DE8}") = "Domain", "Domain", "{02EA681E-C7D8-13C7-8484-4AC65E1B71E8}"
EndProject
Project("{2150E333-8FDC-42A3-9474-1A3956D46DE8}") = "Infra.Bus", "Infra.Bus", "{113A93F5-218E-40CB-84F7-3643399785DC}"
EndProject
Project("{2150E333-8FDC-42A3-9474-1A3956D46DE8}") = "Infra.IoC", "Infra.IoC", "{2614A80A-3113-4A30-953B-A51FF7C2DF65}"
EndProject
Project("{2150E333-8FDC-42A3-9474-1A3956D46DE8}") = "Microservices", "Microservices", "{D631C79F-2207-4D68-8F70-287E16F94FFB}"
EndProject
Project("{2150E333-8FDC-42A3-9474-1A3956D46DE8}") = "Presentation", "Presentation", "{80E0A9AE-FFEF-4AAA-B8D9-205A4596D2D7}"
EndProject
Project("{FAE04EC0-301F-11D3-BF4B-00C04F79EFBC}") = "MicroRabbitMQ.Domain.Core", "MicroRabbitMQ.Domain.Core\MicroRabbitMQ.Domain.Core.csproj", "{2430E688-483C-48E9-91E0-1EF8AC75A3CB}"
EndProject
Project("{FAE04EC0-301F-11D3-BF4B-00C04F79EFBC}") = "MicroRabbitMQ.Infra.Bus", "MicroRabbitMQ.Infra.Bus\MicroRabbitMQ.Infra.Bus.csproj", "{9273212D-A43F-4CB0-8848-4BFD8D4C2CC3}"
EndProject
Project("{FAE04EC0-301F-11D3-BF4B-00C04F79EFBC}") = "MicroRabbitMQ.Infra.IoC", "MicroRabbitMQ.Infra.IoC\MicroRabbitMQ.Infra.IoC.csproj", "{E88FF7D4-A974-4DD3-8F50-B48AAC02B8CE}"
EndProject
Global
	GlobalSection(SolutionConfigurationPlatforms) = preSolution
		Debug|Any CPU = Debug|Any CPU
		Release|Any CPU = Release|Any CPU
	EndGlobalSection
	GlobalSection(ProjectConfigurationPlatforms) = postSolution
		{2430E688-483C-48E9-91E0-1EF8AC75A3CB}.Debug|Any CPU.ActiveCfg = Debug|Any CPU
		{2430E688-483C-48E9-91E0-1EF8AC75A3CB}.Debug|Any CPU.Build.0 = Debug|Any CPU
		{2430E688-483C-48E9-91E0-1EF8AC75A3CB}.Release|Any CPU.ActiveCfg = Release|Any CPU
		{2430E688-483C-48E9-91E0-1EF8AC75A3CB}.Release|Any CPU.Build.0 = Release|Any CPU
		{9273212D-A43F-4CB0-8848-4BFD8D4C2CC3}.Debug|Any CPU.ActiveCfg = Debug|Any CPU
		{9273212D-A43F-4CB0-8848-4BFD8D4C2CC3}.Debug|Any CPU.Build.0 = Debug|Any CPU
		{9273212D-A43F-4CB0-8848-4BFD8D4C2CC3}.Release|Any CPU.ActiveCfg = Release|Any CPU
		{9273212D-A43F-4CB0-8848-4BFD8D4C2CC3}.Release|Any CPU.Build.0 = Release|Any CPU
		{E88FF7D4-A974-4DD3-8F50-B48AAC02B8CE}.Debug|Any CPU.ActiveCfg = Debug|Any CPU
		{E88FF7D4-A974-4DD3-8F50-B48AAC02B8CE}.Debug|Any CPU.Build.0 = Debug|Any CPU
		{E88FF7D4-A974-4DD3-8F50-B48AAC02B8CE}.Release|Any CPU.ActiveCfg = Release|Any CPU
		{E88FF7D4-A974-4DD3-8F50-B48AAC02B8CE}.Release|Any CPU.Build.0 = Release|Any CPU
	EndGlobalSection
	GlobalSection(SolutionProperties) = preSolution
		HideSolutionNode = FALSE
	EndGlobalSection
	GlobalSection(NestedProjects) = preSolution
		{2430E688-483C-48E9-91E0-1EF8AC75A3CB} = {02EA681E-C7D8-13C7-8484-4AC65E1B71E8}
		{9273212D-A43F-4CB0-8848-4BFD8D4C2CC3} = {113A93F5-218E-40CB-84F7-3643399785DC}
		{E88FF7D4-A974-4DD3-8F50-B48AAC02B8CE} = {2614A80A-3113-4A30-953B-A51FF7C2DF65}
	EndGlobalSection
	GlobalSection(ExtensibilityGlobals) = postSolution
		SolutionGuid = {E3C6BBFF-4C08-41FE-A0BA-0E1A05363B66}
	EndGlobalSection
EndGlobal
