
Microsoft Visual Studio Solution File, Format Version 12.00
# Visual Studio Version 17
VisualStudioVersion = 17.13.35919.96
MinimumVisualStudioVersion = 10.0.40219.1
Project("{2150E333-8FDC-42A3-9474-1A3956D46DE8}") = "Domain", "Domain", "{02EA681E-C7D8-13C7-8484-4AC65E1B71E8}"
EndProject
Project("{2150E333-8FDC-42A3-9474-1A3956D46DE8}") = "Infra.Bus", "Infra.Bus", "{113A93F5-218E-40CB-84F7-3643399785DC}"
EndProject
Project("{2150E333-8FDC-42A3-9474-1A3956D46DE8}") = "Infra.IoC", "Infra.IoC", "{2614A80A-3113-4A30-953B-A51FF7C2DF65}"
EndProject
Project("{2150E333-8FDC-42A3-9474-1A3956D46DE8}") = "Microservices", "Microservices", "{D631C79F-2207-4D68-8F70-287E16F94FFB}"
EndProject
Project("{2150E333-8FDC-42A3-9474-1A3956D46DE8}") = "Presentation", "Presentation", "{80E0A9AE-FFEF-4AAA-B8D9-205A4596D2D7}"
EndProject
Project("{FAE04EC0-301F-11D3-BF4B-00C04F79EFBC}") = "MicroRabbitMQ.Domain.Core", "MicroRabbitMQ.Domain.Core\MicroRabbitMQ.Domain.Core.csproj", "{2430E688-483C-48E9-91E0-1EF8AC75A3CB}"
EndProject
Project("{FAE04EC0-301F-11D3-BF4B-00C04F79EFBC}") = "MicroRabbitMQ.Infra.Bus", "MicroRabbitMQ.Infra.Bus\MicroRabbitMQ.Infra.Bus.csproj", "{9273212D-A43F-4CB0-8848-4BFD8D4C2CC3}"
EndProject
Project("{FAE04EC0-301F-11D3-BF4B-00C04F79EFBC}") = "MicroRabbitMQ.Infra.IoC", "MicroRabbitMQ.Infra.IoC\MicroRabbitMQ.Infra.IoC.csproj", "{E88FF7D4-A974-4DD3-8F50-B48AAC02B8CE}"
EndProject
Project("{2150E333-8FDC-42A3-9474-1A3956D46DE8}") = "Banking", "Banking", "{7C262926-D0E9-4F87-9FFF-5B54A23EEE4A}"
EndProject
Project("{2150E333-8FDC-42A3-9474-1A3956D46DE8}") = "Api", "Api", "{08B12004-5E79-47C8-BDC9-8AF3E31A0753}"
EndProject
Project("{2150E333-8FDC-42A3-9474-1A3956D46DE8}") = "Application", "Application", "{7881D49C-D552-43A2-A46E-64DFF302DD44}"
EndProject
Project("{2150E333-8FDC-42A3-9474-1A3956D46DE8}") = "Domain", "Domain", "{158428F7-39CA-4360-ACD7-356BE046F36D}"
EndProject
Project("{2150E333-8FDC-42A3-9474-1A3956D46DE8}") = "Data", "Data", "{61B26C9A-E9AC-40A5-A456-7D1F52B9B51D}"
EndProject
Project("{FAE04EC0-301F-11D3-BF4B-00C04F79EFBC}") = "MicroRabbitMQ.Banking.Api", "MicroRabbitMQ.Banking.Api\MicroRabbitMQ.Banking.Api.csproj", "{FE368337-1756-4030-8ED8-E750DE742D0F}"
EndProject
Project("{FAE04EC0-301F-11D3-BF4B-00C04F79EFBC}") = "MicroRabbitMQ.Banking.Application", "MicroRabbitMQ.Banking.Application\MicroRabbitMQ.Banking.Application.csproj", "{B02BF875-9C4F-48B5-84F0-C120D02C2F1F}"
EndProject
Project("{FAE04EC0-301F-11D3-BF4B-00C04F79EFBC}") = "MicroRabbitMQ.Banking.Data", "MicroRabbitMQ.Banking.Data\MicroRabbitMQ.Banking.Data.csproj", "{FF1CADD6-93CF-42B7-B4DC-46509AF377C4}"
EndProject
Project("{FAE04EC0-301F-11D3-BF4B-00C04F79EFBC}") = "MicroRabbitMQ.Banking.Domain", "MicroRabbitMQ.Banking.Domain\MicroRabbitMQ.Banking.Domain.csproj", "{3D383B09-C031-4B3B-BD1A-C463E691816E}"
EndProject
Project("{2150E333-8FDC-42A3-9474-1A3956D46DE8}") = "Transfer", "Transfer", "{1246CD51-9483-4ED2-96EA-58A80D8A3997}"
EndProject
Project("{2150E333-8FDC-42A3-9474-1A3956D46DE8}") = "Api", "Api", "{B25A68A3-E6BD-403E-8917-1116C9A14EA7}"
EndProject
Project("{2150E333-8FDC-42A3-9474-1A3956D46DE8}") = "Application", "Application", "{28D1ED0A-AE2A-4F7B-B659-763AE794CAD7}"
EndProject
Project("{2150E333-8FDC-42A3-9474-1A3956D46DE8}") = "Data", "Data", "{8F83DB00-A2FA-4009-AB0A-47AB4A689B19}"
EndProject
Project("{2150E333-8FDC-42A3-9474-1A3956D46DE8}") = "Domain", "Domain", "{C631156A-1745-4888-B88C-549D6A8110C5}"
EndProject
Project("{FAE04EC0-301F-11D3-BF4B-00C04F79EFBC}") = "MicroRabbitMQ.Transfer.Api", "MicroRabbitMQ.Transfer.Api\MicroRabbitMQ.Transfer.Api.csproj", "{5D0C6331-52EE-468B-980E-6DC5264A05E8}"
EndProject
Project("{FAE04EC0-301F-11D3-BF4B-00C04F79EFBC}") = "MicroRabbitMQ.Transfer.Application", "MicroRabbitMQ.Transfer.Application\MicroRabbitMQ.Transfer.Application.csproj", "{AFE32385-8375-40F0-B19C-C55CDA83C30E}"
EndProject
Project("{FAE04EC0-301F-11D3-BF4B-00C04F79EFBC}") = "MicroRabbitMQ.Transfer.Data", "MicroRabbitMQ.Transfer.Data\MicroRabbitMQ.Transfer.Data.csproj", "{F84F93F5-43DC-4720-AAF9-8434BD3479E4}"
EndProject
Project("{FAE04EC0-301F-11D3-BF4B-00C04F79EFBC}") = "MicroRabbitMQ.Transfer.Domain", "MicroRabbitMQ.Transfer.Domain\MicroRabbitMQ.Transfer.Domain.csproj", "{8347D1B2-D12B-4C49-AA3A-41706C234879}"
EndProject
Project("{FAE04EC0-301F-11D3-BF4B-00C04F79EFBC}") = "MicroRabbit.MVC", "MicroRabbit.MVC\MicroRabbit.MVC.csproj", "{84BD2B4B-B89C-4B36-8C52-A4EAE640B532}"
EndProject
Global
	GlobalSection(SolutionConfigurationPlatforms) = preSolution
		Debug|Any CPU = Debug|Any CPU
		Release|Any CPU = Release|Any CPU
	EndGlobalSection
	GlobalSection(ProjectConfigurationPlatforms) = postSolution
		{2430E688-483C-48E9-91E0-1EF8AC75A3CB}.Debug|Any CPU.ActiveCfg = Debug|Any CPU
		{2430E688-483C-48E9-91E0-1EF8AC75A3CB}.Debug|Any CPU.Build.0 = Debug|Any CPU
		{2430E688-483C-48E9-91E0-1EF8AC75A3CB}.Release|Any CPU.ActiveCfg = Release|Any CPU
		{2430E688-483C-48E9-91E0-1EF8AC75A3CB}.Release|Any CPU.Build.0 = Release|Any CPU
		{9273212D-A43F-4CB0-8848-4BFD8D4C2CC3}.Debug|Any CPU.ActiveCfg = Debug|Any CPU
		{9273212D-A43F-4CB0-8848-4BFD8D4C2CC3}.Debug|Any CPU.Build.0 = Debug|Any CPU
		{9273212D-A43F-4CB0-8848-4BFD8D4C2CC3}.Release|Any CPU.ActiveCfg = Release|Any CPU
		{9273212D-A43F-4CB0-8848-4BFD8D4C2CC3}.Release|Any CPU.Build.0 = Release|Any CPU
		{E88FF7D4-A974-4DD3-8F50-B48AAC02B8CE}.Debug|Any CPU.ActiveCfg = Debug|Any CPU
		{E88FF7D4-A974-4DD3-8F50-B48AAC02B8CE}.Debug|Any CPU.Build.0 = Debug|Any CPU
		{E88FF7D4-A974-4DD3-8F50-B48AAC02B8CE}.Release|Any CPU.ActiveCfg = Release|Any CPU
		{E88FF7D4-A974-4DD3-8F50-B48AAC02B8CE}.Release|Any CPU.Build.0 = Release|Any CPU
		{FE368337-1756-4030-8ED8-E750DE742D0F}.Debug|Any CPU.ActiveCfg = Debug|Any CPU
		{FE368337-1756-4030-8ED8-E750DE742D0F}.Debug|Any CPU.Build.0 = Debug|Any CPU
		{FE368337-1756-4030-8ED8-E750DE742D0F}.Release|Any CPU.ActiveCfg = Release|Any CPU
		{FE368337-1756-4030-8ED8-E750DE742D0F}.Release|Any CPU.Build.0 = Release|Any CPU
		{B02BF875-9C4F-48B5-84F0-C120D02C2F1F}.Debug|Any CPU.ActiveCfg = Debug|Any CPU
		{B02BF875-9C4F-48B5-84F0-C120D02C2F1F}.Debug|Any CPU.Build.0 = Debug|Any CPU
		{B02BF875-9C4F-48B5-84F0-C120D02C2F1F}.Release|Any CPU.ActiveCfg = Release|Any CPU
		{B02BF875-9C4F-48B5-84F0-C120D02C2F1F}.Release|Any CPU.Build.0 = Release|Any CPU
		{FF1CADD6-93CF-42B7-B4DC-46509AF377C4}.Debug|Any CPU.ActiveCfg = Debug|Any CPU
		{FF1CADD6-93CF-42B7-B4DC-46509AF377C4}.Debug|Any CPU.Build.0 = Debug|Any CPU
		{FF1CADD6-93CF-42B7-B4DC-46509AF377C4}.Release|Any CPU.ActiveCfg = Release|Any CPU
		{FF1CADD6-93CF-42B7-B4DC-46509AF377C4}.Release|Any CPU.Build.0 = Release|Any CPU
		{3D383B09-C031-4B3B-BD1A-C463E691816E}.Debug|Any CPU.ActiveCfg = Debug|Any CPU
		{3D383B09-C031-4B3B-BD1A-C463E691816E}.Debug|Any CPU.Build.0 = Debug|Any CPU
		{3D383B09-C031-4B3B-BD1A-C463E691816E}.Release|Any CPU.ActiveCfg = Release|Any CPU
		{3D383B09-C031-4B3B-BD1A-C463E691816E}.Release|Any CPU.Build.0 = Release|Any CPU
		{5D0C6331-52EE-468B-980E-6DC5264A05E8}.Debug|Any CPU.ActiveCfg = Debug|Any CPU
		{5D0C6331-52EE-468B-980E-6DC5264A05E8}.Debug|Any CPU.Build.0 = Debug|Any CPU
		{5D0C6331-52EE-468B-980E-6DC5264A05E8}.Release|Any CPU.ActiveCfg = Release|Any CPU
		{5D0C6331-52EE-468B-980E-6DC5264A05E8}.Release|Any CPU.Build.0 = Release|Any CPU
		{AFE32385-8375-40F0-B19C-C55CDA83C30E}.Debug|Any CPU.ActiveCfg = Debug|Any CPU
		{AFE32385-8375-40F0-B19C-C55CDA83C30E}.Debug|Any CPU.Build.0 = Debug|Any CPU
		{AFE32385-8375-40F0-B19C-C55CDA83C30E}.Release|Any CPU.ActiveCfg = Release|Any CPU
		{AFE32385-8375-40F0-B19C-C55CDA83C30E}.Release|Any CPU.Build.0 = Release|Any CPU
		{F84F93F5-43DC-4720-AAF9-8434BD3479E4}.Debug|Any CPU.ActiveCfg = Debug|Any CPU
		{F84F93F5-43DC-4720-AAF9-8434BD3479E4}.Debug|Any CPU.Build.0 = Debug|Any CPU
		{F84F93F5-43DC-4720-AAF9-8434BD3479E4}.Release|Any CPU.ActiveCfg = Release|Any CPU
		{F84F93F5-43DC-4720-AAF9-8434BD3479E4}.Release|Any CPU.Build.0 = Release|Any CPU
		{8347D1B2-D12B-4C49-AA3A-41706C234879}.Debug|Any CPU.ActiveCfg = Debug|Any CPU
		{8347D1B2-D12B-4C49-AA3A-41706C234879}.Debug|Any CPU.Build.0 = Debug|Any CPU
		{8347D1B2-D12B-4C49-AA3A-41706C234879}.Release|Any CPU.ActiveCfg = Release|Any CPU
		{8347D1B2-D12B-4C49-AA3A-41706C234879}.Release|Any CPU.Build.0 = Release|Any CPU
		{84BD2B4B-B89C-4B36-8C52-A4EAE640B532}.Debug|Any CPU.ActiveCfg = Debug|Any CPU
		{84BD2B4B-B89C-4B36-8C52-A4EAE640B532}.Debug|Any CPU.Build.0 = Debug|Any CPU
		{84BD2B4B-B89C-4B36-8C52-A4EAE640B532}.Release|Any CPU.ActiveCfg = Release|Any CPU
		{84BD2B4B-B89C-4B36-8C52-A4EAE640B532}.Release|Any CPU.Build.0 = Release|Any CPU
	EndGlobalSection
	GlobalSection(SolutionProperties) = preSolution
		HideSolutionNode = FALSE
	EndGlobalSection
	GlobalSection(NestedProjects) = preSolution
		{2430E688-483C-48E9-91E0-1EF8AC75A3CB} = {02EA681E-C7D8-13C7-8484-4AC65E1B71E8}
		{9273212D-A43F-4CB0-8848-4BFD8D4C2CC3} = {113A93F5-218E-40CB-84F7-3643399785DC}
		{E88FF7D4-A974-4DD3-8F50-B48AAC02B8CE} = {2614A80A-3113-4A30-953B-A51FF7C2DF65}
		{7C262926-D0E9-4F87-9FFF-5B54A23EEE4A} = {D631C79F-2207-4D68-8F70-287E16F94FFB}
		{08B12004-5E79-47C8-BDC9-8AF3E31A0753} = {7C262926-D0E9-4F87-9FFF-5B54A23EEE4A}
		{7881D49C-D552-43A2-A46E-64DFF302DD44} = {7C262926-D0E9-4F87-9FFF-5B54A23EEE4A}
		{158428F7-39CA-4360-ACD7-356BE046F36D} = {7C262926-D0E9-4F87-9FFF-5B54A23EEE4A}
		{61B26C9A-E9AC-40A5-A456-7D1F52B9B51D} = {7C262926-D0E9-4F87-9FFF-5B54A23EEE4A}
		{FE368337-1756-4030-8ED8-E750DE742D0F} = {08B12004-5E79-47C8-BDC9-8AF3E31A0753}
		{B02BF875-9C4F-48B5-84F0-C120D02C2F1F} = {7881D49C-D552-43A2-A46E-64DFF302DD44}
		{FF1CADD6-93CF-42B7-B4DC-46509AF377C4} = {61B26C9A-E9AC-40A5-A456-7D1F52B9B51D}
		{3D383B09-C031-4B3B-BD1A-C463E691816E} = {158428F7-39CA-4360-ACD7-356BE046F36D}
		{1246CD51-9483-4ED2-96EA-58A80D8A3997} = {D631C79F-2207-4D68-8F70-287E16F94FFB}
		{B25A68A3-E6BD-403E-8917-1116C9A14EA7} = {1246CD51-9483-4ED2-96EA-58A80D8A3997}
		{28D1ED0A-AE2A-4F7B-B659-763AE794CAD7} = {1246CD51-9483-4ED2-96EA-58A80D8A3997}
		{8F83DB00-A2FA-4009-AB0A-47AB4A689B19} = {1246CD51-9483-4ED2-96EA-58A80D8A3997}
		{C631156A-1745-4888-B88C-549D6A8110C5} = {1246CD51-9483-4ED2-96EA-58A80D8A3997}
		{5D0C6331-52EE-468B-980E-6DC5264A05E8} = {B25A68A3-E6BD-403E-8917-1116C9A14EA7}
		{AFE32385-8375-40F0-B19C-C55CDA83C30E} = {28D1ED0A-AE2A-4F7B-B659-763AE794CAD7}
		{F84F93F5-43DC-4720-AAF9-8434BD3479E4} = {8F83DB00-A2FA-4009-AB0A-47AB4A689B19}
		{8347D1B2-D12B-4C49-AA3A-41706C234879} = {C631156A-1745-4888-B88C-549D6A8110C5}
		{84BD2B4B-B89C-4B36-8C52-A4EAE640B532} = {80E0A9AE-FFEF-4AAA-B8D9-205A4596D2D7}
	EndGlobalSection
	GlobalSection(ExtensibilityGlobals) = postSolution
		SolutionGuid = {E3C6BBFF-4C08-41FE-A0BA-0E1A05363B66}
	EndGlobalSection
EndGlobal
